
Microsoft Visual Studio Solution File, Format Version 12.00
# Visual Studio Version 16
VisualStudioVersion = 16.0.30711.63
MinimumVisualStudioVersion = 10.0.40219.1
Project("{FAE04EC0-301F-11D3-BF4B-00C04F79EFBC}") = "MovieBookingApp", "MovieBookingApp\MovieBookingApp.csproj", "{5FB29941-8F0B-4911-8837-0976EB4F3C95}"
EndProject
Global
	GlobalSection(SolutionConfigurationPlatforms) = preSolution
		Debug|Any CPU = Debug|Any CPU
		Release|Any CPU = Release|Any CPU
	EndGlobalSection
	GlobalSection(ProjectConfigurationPlatforms) = postSolution
		{5FB29941-8F0B-4911-8837-0976EB4F3C95}.Debug|Any CPU.ActiveCfg = Debug|Any CPU
		{5FB29941-8F0B-4911-8837-0976EB4F3C95}.Debug|Any CPU.Build.0 = Debug|Any CPU
		{5FB29941-8F0B-4911-8837-0976EB4F3C95}.Release|Any CPU.ActiveCfg = Release|Any CPU
		{5FB29941-8F0B-4911-8837-0976EB4F3C95}.Release|Any CPU.Build.0 = Release|Any CPU
	EndGlobalSection
	GlobalSection(SolutionProperties) = preSolution
		HideSolutionNode = FALSE
	EndGlobalSection
	GlobalSection(ExtensibilityGlobals) = postSolution
		SolutionGuid = {2EE18E86-76CC-46BD-BAFD-C49F8A253A3F}
	EndGlobalSection
EndGlobal
